
Microsoft Visual Studio Solution File, Format Version 12.00
Project("{FAE04EC0-301F-11D3-BF4B-00C04F79EFBC}") = "WorkWithThreadPool", "WorkWithThreadPool\WorkWithThreadPool.csproj", "{1B0FAE84-FD8B-4E51-BB0B-07BE46C969E3}"
EndProject
Project("{FAE04EC0-301F-11D3-BF4B-00C04F79EFBC}") = "TestForThreadPool", "TestForThreadPool\TestForThreadPool.csproj", "{6770F348-E7AF-4112-BB68-2664BC387824}"
EndProject
Global
	GlobalSection(SolutionConfigurationPlatforms) = preSolution
		Debug|Any CPU = Debug|Any CPU
		Release|Any CPU = Release|Any CPU
	EndGlobalSection
	GlobalSection(ProjectConfigurationPlatforms) = postSolution
		{1B0FAE84-FD8B-4E51-BB0B-07BE46C969E3}.Debug|Any CPU.ActiveCfg = Debug|Any CPU
		{1B0FAE84-FD8B-4E51-BB0B-07BE46C969E3}.Debug|Any CPU.Build.0 = Debug|Any CPU
		{1B0FAE84-FD8B-4E51-BB0B-07BE46C969E3}.Release|Any CPU.ActiveCfg = Release|Any CPU
		{1B0FAE84-FD8B-4E51-BB0B-07BE46C969E3}.Release|Any CPU.Build.0 = Release|Any CPU
		{6770F348-E7AF-4112-BB68-2664BC387824}.Debug|Any CPU.ActiveCfg = Debug|Any CPU
		{6770F348-E7AF-4112-BB68-2664BC387824}.Debug|Any CPU.Build.0 = Debug|Any CPU
		{6770F348-E7AF-4112-BB68-2664BC387824}.Release|Any CPU.ActiveCfg = Release|Any CPU
		{6770F348-E7AF-4112-BB68-2664BC387824}.Release|Any CPU.Build.0 = Release|Any CPU
	EndGlobalSection
EndGlobal
